
Microsoft Visual Studio Solution File, Format Version 12.00
# Visual Studio 15
Project("{FAE04EC0-301F-11D3-BF4B-00C04F79EFBC}") = "UnityEngine.UI", "UnityEngine.UI.csproj", "{ECB2DC49-A2FD-A477-86BF-AFB0D5CFCAE2}"
EndProject
Project("{FAE04EC0-301F-11D3-BF4B-00C04F79EFBC}") = "UnityEngine.TestRunner", "UnityEngine.TestRunner.csproj", "{0E54C138-AF48-8643-42EF-49821389F985}"
EndProject
Project("{FAE04EC0-301F-11D3-BF4B-00C04F79EFBC}") = "Unity.Mathematics", "Unity.Mathematics.csproj", "{6F2E79A1-9F1F-807F-0ED4-8449D9A7447F}"
EndProject
Project("{FAE04EC0-301F-11D3-BF4B-00C04F79EFBC}") = "Unity.VisualScripting.State", "Unity.VisualScripting.State.csproj", "{CB9AB8B7-24FD-63B8-B579-3BDC74C3082A}"
EndProject
Project("{FAE04EC0-301F-11D3-BF4B-00C04F79EFBC}") = "Unity.VisualScripting.Core", "Unity.VisualScripting.Core.csproj", "{34E58899-C6F1-EF59-C299-635B9EC0DD3F}"
EndProject
Project("{FAE04EC0-301F-11D3-BF4B-00C04F79EFBC}") = "Unity.VisualScripting.Flow", "Unity.VisualScripting.Flow.csproj", "{6F8E87B1-B1A5-AA7C-4F7D-5C1C51FF0E45}"
EndProject
Project("{FAE04EC0-301F-11D3-BF4B-00C04F79EFBC}") = "Unity.2D.Animation.Runtime", "Unity.2D.Animation.Runtime.csproj", "{76A9B990-203E-F64B-CB4B-9655E4663F6A}"
EndProject
Project("{FAE04EC0-301F-11D3-BF4B-00C04F79EFBC}") = "Unity.TextMeshPro", "Unity.TextMeshPro.csproj", "{5ACA61C3-C85B-9F45-03E8-AD0B626CED5B}"
EndProject
Project("{FAE04EC0-301F-11D3-BF4B-00C04F79EFBC}") = "Unity.Timeline", "Unity.Timeline.csproj", "{B3823159-9C7F-1C5A-58FF-4E2BB273B6D2}"
EndProject
Project("{FAE04EC0-301F-11D3-BF4B-00C04F79EFBC}") = "Unity.2D.SpriteShape.Runtime", "Unity.2D.SpriteShape.Runtime.csproj", "{EE3BC687-4AB7-A30A-1A50-6FB0E703AB17}"
EndProject
Project("{FAE04EC0-301F-11D3-BF4B-00C04F79EFBC}") = "Unity.2D.Animation.Triangle.Runtime", "Unity.2D.Animation.Triangle.Runtime.csproj", "{997A68CD-8561-9704-A743-B3EFFF0EAB6C}"
EndProject
Project("{FAE04EC0-301F-11D3-BF4B-00C04F79EFBC}") = "Unity.2D.PixelPerfect", "Unity.2D.PixelPerfect.csproj", "{5BFD119C-E4E6-9287-421C-8ED331054A95}"
EndProject
Project("{FAE04EC0-301F-11D3-BF4B-00C04F79EFBC}") = "Unity.2D.IK.Runtime", "Unity.2D.IK.Runtime.csproj", "{2AAB075F-B393-9B58-A390-5E89A3479A38}"
EndProject
Project("{FAE04EC0-301F-11D3-BF4B-00C04F79EFBC}") = "Unity.2D.Tilemap.Extras", "Unity.2D.Tilemap.Extras.csproj", "{58ED17A0-14E3-24A4-DA98-A1397BE8E0A1}"
EndProject
Project("{FAE04EC0-301F-11D3-BF4B-00C04F79EFBC}") = "Unity.2D.Common.Runtime", "Unity.2D.Common.Runtime.csproj", "{CAF76068-7675-2B35-AB17-4368287A0B0C}"
EndProject
Project("{FAE04EC0-301F-11D3-BF4B-00C04F79EFBC}") = "Unity.InternalAPIEngineBridge.001", "Unity.InternalAPIEngineBridge.001.csproj", "{6CE784E7-9585-F790-92C8-735268EC009E}"
EndProject
Project("{FAE04EC0-301F-11D3-BF4B-00C04F79EFBC}") = "Assembly-CSharp", "Assembly-CSharp.csproj", "{AEC153D5-5A5C-CAEC-C133-70935F7CD3E1}"
EndProject
Project("{FAE04EC0-301F-11D3-BF4B-00C04F79EFBC}") = "Unity.PlasticSCM.Editor", "Unity.PlasticSCM.Editor.csproj", "{8570EFB6-A333-72B3-B725-B88D74DC6220}"
EndProject
Project("{FAE04EC0-301F-11D3-BF4B-00C04F79EFBC}") = "Unity.VisualScripting.Core.Editor", "Unity.VisualScripting.Core.Editor.csproj", "{2CC49E40-A102-5E47-C1A2-3BC30036E970}"
EndProject
Project("{FAE04EC0-301F-11D3-BF4B-00C04F79EFBC}") = "Unity.VisualStudio.Editor", "Unity.VisualStudio.Editor.csproj", "{F24B252A-BA92-E6B6-3F5F-E77A64461690}"
EndProject
Project("{FAE04EC0-301F-11D3-BF4B-00C04F79EFBC}") = "Unity.Timeline.Editor", "Unity.Timeline.Editor.csproj", "{A13C49BF-F232-7638-7762-A030BDAC1189}"
EndProject
Project("{FAE04EC0-301F-11D3-BF4B-00C04F79EFBC}") = "Unity.VisualScripting.State.Editor", "Unity.VisualScripting.State.Editor.csproj", "{E5BCD791-59CB-8828-B74B-6CEB679C2817}"
EndProject
Project("{FAE04EC0-301F-11D3-BF4B-00C04F79EFBC}") = "Unity.TextMeshPro.Editor", "Unity.TextMeshPro.Editor.csproj", "{A8FDB696-F0C8-514D-9292-2A20A4A1081F}"
EndProject
Project("{FAE04EC0-301F-11D3-BF4B-00C04F79EFBC}") = "Unity.2D.Animation.Editor", "Unity.2D.Animation.Editor.csproj", "{6202EAE6-3921-BC53-F6E7-DB50371A6D15}"
EndProject
Project("{FAE04EC0-301F-11D3-BF4B-00C04F79EFBC}") = "VSSettingsProvider", "VSSettingsProvider.csproj", "{E0943134-AC34-999F-7EC3-E82F42F9B612}"
EndProject
Project("{FAE04EC0-301F-11D3-BF4B-00C04F79EFBC}") = "Unity.CollabProxy.Editor", "Unity.CollabProxy.Editor.csproj", "{1C8F1A08-F785-B2E9-C5CA-FCFE98B7E4D5}"
EndProject
Project("{FAE04EC0-301F-11D3-BF4B-00C04F79EFBC}") = "UnityEditor.TestRunner", "UnityEditor.TestRunner.csproj", "{215B9E77-6C1B-1EE9-DCC0-2D59AE33CBCE}"
EndProject
Project("{FAE04EC0-301F-11D3-BF4B-00C04F79EFBC}") = "Unity.VisualScripting.Flow.Editor", "Unity.VisualScripting.Flow.Editor.csproj", "{B9EBF7FB-8A72-DB71-4106-F6BE141C579F}"
EndProject
Project("{FAE04EC0-301F-11D3-BF4B-00C04F79EFBC}") = "Unity.Rider.Editor", "Unity.Rider.Editor.csproj", "{2BA7A82E-0A02-CAEC-6DA6-57F983B00E11}"
EndProject
Project("{FAE04EC0-301F-11D3-BF4B-00C04F79EFBC}") = "Unity.2D.Path.Editor", "Unity.2D.Path.Editor.csproj", "{D51D0E91-BA52-3DEB-3DD1-70D52596CE2E}"
EndProject
Project("{FAE04EC0-301F-11D3-BF4B-00C04F79EFBC}") = "PsdPlugin", "PsdPlugin.csproj", "{09BF5E79-5231-C7C0-AE62-8131F789F66C}"
EndProject
Project("{FAE04EC0-301F-11D3-BF4B-00C04F79EFBC}") = "Unity.2D.IK.Editor", "Unity.2D.IK.Editor.csproj", "{33FEE4E0-88E9-60DA-8C2E-FDDC747ACBF5}"
EndProject
Project("{FAE04EC0-301F-11D3-BF4B-00C04F79EFBC}") = "Unity.2D.Psdimporter.Editor", "Unity.2D.Psdimporter.Editor.csproj", "{CF2A36B2-C8A0-EA14-FCCE-920753588A2A}"
EndProject
Project("{FAE04EC0-301F-11D3-BF4B-00C04F79EFBC}") = "Unity.2D.SpriteShape.Editor", "Unity.2D.SpriteShape.Editor.csproj", "{451B7E4C-9401-E030-B254-50C18B353060}"
EndProject
Project("{FAE04EC0-301F-11D3-BF4B-00C04F79EFBC}") = "Unity.2D.Tilemap.Editor", "Unity.2D.Tilemap.Editor.csproj", "{B3A403F1-CB7B-8F84-8B46-4B2700FE91A2}"
EndProject
Project("{FAE04EC0-301F-11D3-BF4B-00C04F79EFBC}") = "Unity.2D.PixelPerfect.Editor", "Unity.2D.PixelPerfect.Editor.csproj", "{631905D1-20E3-94FD-ABD8-A3F7214B5C53}"
EndProject
Project("{FAE04EC0-301F-11D3-BF4B-00C04F79EFBC}") = "Unity.VSCode.Editor", "Unity.VSCode.Editor.csproj", "{53739C1E-68AB-4804-BF2F-4D385A06C16F}"
EndProject
Project("{FAE04EC0-301F-11D3-BF4B-00C04F79EFBC}") = "Unity.2D.Sprite.Editor", "Unity.2D.Sprite.Editor.csproj", "{EB970C71-0665-B4E0-06B8-AD6578B4019B}"
EndProject
Project("{FAE04EC0-301F-11D3-BF4B-00C04F79EFBC}") = "UnityEditor.UI", "UnityEditor.UI.csproj", "{F7D346BB-5650-563F-BA7E-AEA859568312}"
EndProject
Project("{FAE04EC0-301F-11D3-BF4B-00C04F79EFBC}") = "Unity.Mathematics.Editor", "Unity.Mathematics.Editor.csproj", "{728B0A01-12C1-1A40-3D38-E089D1A52295}"
EndProject
Project("{FAE04EC0-301F-11D3-BF4B-00C04F79EFBC}") = "Unity.2D.Common.Editor", "Unity.2D.Common.Editor.csproj", "{3A025164-979D-45CE-9A3F-6E0D7E2739BC}"
EndProject
Project("{FAE04EC0-301F-11D3-BF4B-00C04F79EFBC}") = "Unity.2D.Tilemap.Extras.Editor", "Unity.2D.Tilemap.Extras.Editor.csproj", "{D52BF58E-FFA0-43A9-75FF-87861B6F8D79}"
EndProject
Project("{FAE04EC0-301F-11D3-BF4B-00C04F79EFBC}") = "Unity.InternalAPIEditorBridge.001", "Unity.InternalAPIEditorBridge.001.csproj", "{7BFBE5BA-BD1F-328C-F271-1BC4AE4D7E98}"
EndProject
Project("{FAE04EC0-301F-11D3-BF4B-00C04F79EFBC}") = "UnityEngine.UI", "UnityEngine.UI.Player.csproj", "{79E56D38-C889-DEE1-4C2A-D5ACF19AAA54}"
EndProject
Project("{FAE04EC0-301F-11D3-BF4B-00C04F79EFBC}") = "UnityEngine.TestRunner", "UnityEngine.TestRunner.Player.csproj", "{3082C703-A0E7-07FA-EDA8-FDC6B2C985FB}"
EndProject
Project("{FAE04EC0-301F-11D3-BF4B-00C04F79EFBC}") = "Unity.Mathematics", "Unity.Mathematics.Player.csproj", "{2CC2615A-626E-C8BD-9B1A-BD742BA05730}"
EndProject
Project("{FAE04EC0-301F-11D3-BF4B-00C04F79EFBC}") = "Unity.VisualScripting.State", "Unity.VisualScripting.State.Player.csproj", "{89645583-B4B8-7D6C-9524-5733F675327D}"
EndProject
Project("{FAE04EC0-301F-11D3-BF4B-00C04F79EFBC}") = "Unity.VisualScripting.Core", "Unity.VisualScripting.Core.Player.csproj", "{6611C6AB-6436-7E38-12AB-BF2A8EEBC9B0}"
EndProject
Project("{FAE04EC0-301F-11D3-BF4B-00C04F79EFBC}") = "Unity.VisualScripting.Flow", "Unity.VisualScripting.Flow.Player.csproj", "{08760DB7-556F-A1BB-5A91-55CC1F4FCE9E}"
EndProject
Project("{FAE04EC0-301F-11D3-BF4B-00C04F79EFBC}") = "Unity.2D.Animation.Runtime", "Unity.2D.Animation.Runtime.Player.csproj", "{DF1759B8-3061-BA1A-B24A-2B6E0ADA27E0}"
EndProject
Project("{FAE04EC0-301F-11D3-BF4B-00C04F79EFBC}") = "Unity.TextMeshPro", "Unity.TextMeshPro.Player.csproj", "{8615999C-92D0-914A-30FB-9E9B5917460B}"
EndProject
Project("{FAE04EC0-301F-11D3-BF4B-00C04F79EFBC}") = "Unity.Timeline", "Unity.Timeline.Player.csproj", "{4F907D49-B0D5-7870-7492-5CAE0C95CBC6}"
EndProject
Project("{FAE04EC0-301F-11D3-BF4B-00C04F79EFBC}") = "Unity.2D.SpriteShape.Runtime", "Unity.2D.SpriteShape.Runtime.Player.csproj", "{A9793D7F-BEDB-34D9-1288-F05B3ED2B00F}"
EndProject
Project("{FAE04EC0-301F-11D3-BF4B-00C04F79EFBC}") = "Unity.2D.Animation.Triangle.Runtime", "Unity.2D.Animation.Triangle.Runtime.Player.csproj", "{14E2ED3F-867D-FD13-30D2-616285D1CA07}"
EndProject
Project("{FAE04EC0-301F-11D3-BF4B-00C04F79EFBC}") = "Unity.2D.PixelPerfect", "Unity.2D.PixelPerfect.Player.csproj", "{31839B98-2AE2-2561-124B-524BC7FBECF0}"
EndProject
Project("{FAE04EC0-301F-11D3-BF4B-00C04F79EFBC}") = "Unity.2D.IK.Runtime", "Unity.2D.IK.Runtime.Player.csproj", "{2765E505-31F3-F0C5-C2A3-E1B2CA0C8251}"
EndProject
Project("{FAE04EC0-301F-11D3-BF4B-00C04F79EFBC}") = "Unity.2D.Tilemap.Extras", "Unity.2D.Tilemap.Extras.Player.csproj", "{A2FCFCC8-6EFE-F644-FA42-B1E8D36C087C}"
EndProject
Project("{FAE04EC0-301F-11D3-BF4B-00C04F79EFBC}") = "Unity.2D.Common.Runtime", "Unity.2D.Common.Runtime.Player.csproj", "{7195B8C0-43AF-325A-A47E-4AABF7EA53EC}"
EndProject
Project("{FAE04EC0-301F-11D3-BF4B-00C04F79EFBC}") = "Unity.InternalAPIEngineBridge.001", "Unity.InternalAPIEngineBridge.001.Player.csproj", "{107F8C36-AFD7-FFC6-AE63-66795A8FF158}"
EndProject
Project("{FAE04EC0-301F-11D3-BF4B-00C04F79EFBC}") = "Assembly-CSharp", "Assembly-CSharp.Player.csproj", "{2DBA106A-7823-402D-57E4-50B2E5039EEA}"
EndProject
Global
	GlobalSection(SolutionConfigurationPlatforms) = preSolution
		Debug|Any CPU = Debug|Any CPU
		Release|Any CPU = Release|Any CPU
	EndGlobalSection
	GlobalSection(ProjectConfigurationPlatforms) = postSolution
		{ECB2DC49-A2FD-A477-86BF-AFB0D5CFCAE2}.Debug|Any CPU.ActiveCfg = Debug|Any CPU
		{ECB2DC49-A2FD-A477-86BF-AFB0D5CFCAE2}.Debug|Any CPU.Build.0 = Debug|Any CPU
		{ECB2DC49-A2FD-A477-86BF-AFB0D5CFCAE2}.Release|Any CPU.ActiveCfg = Release|Any CPU
		{ECB2DC49-A2FD-A477-86BF-AFB0D5CFCAE2}.Release|Any CPU.Build.0 = Release|Any CPU
		{0E54C138-AF48-8643-42EF-49821389F985}.Debug|Any CPU.ActiveCfg = Debug|Any CPU
		{0E54C138-AF48-8643-42EF-49821389F985}.Debug|Any CPU.Build.0 = Debug|Any CPU
		{0E54C138-AF48-8643-42EF-49821389F985}.Release|Any CPU.ActiveCfg = Release|Any CPU
		{0E54C138-AF48-8643-42EF-49821389F985}.Release|Any CPU.Build.0 = Release|Any CPU
		{6F2E79A1-9F1F-807F-0ED4-8449D9A7447F}.Debug|Any CPU.ActiveCfg = Debug|Any CPU
		{6F2E79A1-9F1F-807F-0ED4-8449D9A7447F}.Debug|Any CPU.Build.0 = Debug|Any CPU
		{6F2E79A1-9F1F-807F-0ED4-8449D9A7447F}.Release|Any CPU.ActiveCfg = Release|Any CPU
		{6F2E79A1-9F1F-807F-0ED4-8449D9A7447F}.Release|Any CPU.Build.0 = Release|Any CPU
		{CB9AB8B7-24FD-63B8-B579-3BDC74C3082A}.Debug|Any CPU.ActiveCfg = Debug|Any CPU
		{CB9AB8B7-24FD-63B8-B579-3BDC74C3082A}.Debug|Any CPU.Build.0 = Debug|Any CPU
		{CB9AB8B7-24FD-63B8-B579-3BDC74C3082A}.Release|Any CPU.ActiveCfg = Release|Any CPU
		{CB9AB8B7-24FD-63B8-B579-3BDC74C3082A}.Release|Any CPU.Build.0 = Release|Any CPU
		{34E58899-C6F1-EF59-C299-635B9EC0DD3F}.Debug|Any CPU.ActiveCfg = Debug|Any CPU
		{34E58899-C6F1-EF59-C299-635B9EC0DD3F}.Debug|Any CPU.Build.0 = Debug|Any CPU
		{34E58899-C6F1-EF59-C299-635B9EC0DD3F}.Release|Any CPU.ActiveCfg = Release|Any CPU
		{34E58899-C6F1-EF59-C299-635B9EC0DD3F}.Release|Any CPU.Build.0 = Release|Any CPU
		{6F8E87B1-B1A5-AA7C-4F7D-5C1C51FF0E45}.Debug|Any CPU.ActiveCfg = Debug|Any CPU
		{6F8E87B1-B1A5-AA7C-4F7D-5C1C51FF0E45}.Debug|Any CPU.Build.0 = Debug|Any CPU
		{6F8E87B1-B1A5-AA7C-4F7D-5C1C51FF0E45}.Release|Any CPU.ActiveCfg = Release|Any CPU
		{6F8E87B1-B1A5-AA7C-4F7D-5C1C51FF0E45}.Release|Any CPU.Build.0 = Release|Any CPU
		{76A9B990-203E-F64B-CB4B-9655E4663F6A}.Debug|Any CPU.ActiveCfg = Debug|Any CPU
		{76A9B990-203E-F64B-CB4B-9655E4663F6A}.Debug|Any CPU.Build.0 = Debug|Any CPU
		{76A9B990-203E-F64B-CB4B-9655E4663F6A}.Release|Any CPU.ActiveCfg = Release|Any CPU
		{76A9B990-203E-F64B-CB4B-9655E4663F6A}.Release|Any CPU.Build.0 = Release|Any CPU
		{5ACA61C3-C85B-9F45-03E8-AD0B626CED5B}.Debug|Any CPU.ActiveCfg = Debug|Any CPU
		{5ACA61C3-C85B-9F45-03E8-AD0B626CED5B}.Debug|Any CPU.Build.0 = Debug|Any CPU
		{5ACA61C3-C85B-9F45-03E8-AD0B626CED5B}.Release|Any CPU.ActiveCfg = Release|Any CPU
		{5ACA61C3-C85B-9F45-03E8-AD0B626CED5B}.Release|Any CPU.Build.0 = Release|Any CPU
		{B3823159-9C7F-1C5A-58FF-4E2BB273B6D2}.Debug|Any CPU.ActiveCfg = Debug|Any CPU
		{B3823159-9C7F-1C5A-58FF-4E2BB273B6D2}.Debug|Any CPU.Build.0 = Debug|Any CPU
		{B3823159-9C7F-1C5A-58FF-4E2BB273B6D2}.Release|Any CPU.ActiveCfg = Release|Any CPU
		{B3823159-9C7F-1C5A-58FF-4E2BB273B6D2}.Release|Any CPU.Build.0 = Release|Any CPU
		{EE3BC687-4AB7-A30A-1A50-6FB0E703AB17}.Debug|Any CPU.ActiveCfg = Debug|Any CPU
		{EE3BC687-4AB7-A30A-1A50-6FB0E703AB17}.Debug|Any CPU.Build.0 = Debug|Any CPU
		{EE3BC687-4AB7-A30A-1A50-6FB0E703AB17}.Release|Any CPU.ActiveCfg = Release|Any CPU
		{EE3BC687-4AB7-A30A-1A50-6FB0E703AB17}.Release|Any CPU.Build.0 = Release|Any CPU
		{997A68CD-8561-9704-A743-B3EFFF0EAB6C}.Debug|Any CPU.ActiveCfg = Debug|Any CPU
		{997A68CD-8561-9704-A743-B3EFFF0EAB6C}.Debug|Any CPU.Build.0 = Debug|Any CPU
		{997A68CD-8561-9704-A743-B3EFFF0EAB6C}.Release|Any CPU.ActiveCfg = Release|Any CPU
		{997A68CD-8561-9704-A743-B3EFFF0EAB6C}.Release|Any CPU.Build.0 = Release|Any CPU
		{5BFD119C-E4E6-9287-421C-8ED331054A95}.Debug|Any CPU.ActiveCfg = Debug|Any CPU
		{5BFD119C-E4E6-9287-421C-8ED331054A95}.Debug|Any CPU.Build.0 = Debug|Any CPU
		{5BFD119C-E4E6-9287-421C-8ED331054A95}.Release|Any CPU.ActiveCfg = Release|Any CPU
		{5BFD119C-E4E6-9287-421C-8ED331054A95}.Release|Any CPU.Build.0 = Release|Any CPU
		{2AAB075F-B393-9B58-A390-5E89A3479A38}.Debug|Any CPU.ActiveCfg = Debug|Any CPU
		{2AAB075F-B393-9B58-A390-5E89A3479A38}.Debug|Any CPU.Build.0 = Debug|Any CPU
		{2AAB075F-B393-9B58-A390-5E89A3479A38}.Release|Any CPU.ActiveCfg = Release|Any CPU
		{2AAB075F-B393-9B58-A390-5E89A3479A38}.Release|Any CPU.Build.0 = Release|Any CPU
		{58ED17A0-14E3-24A4-DA98-A1397BE8E0A1}.Debug|Any CPU.ActiveCfg = Debug|Any CPU
		{58ED17A0-14E3-24A4-DA98-A1397BE8E0A1}.Debug|Any CPU.Build.0 = Debug|Any CPU
		{58ED17A0-14E3-24A4-DA98-A1397BE8E0A1}.Release|Any CPU.ActiveCfg = Release|Any CPU
		{58ED17A0-14E3-24A4-DA98-A1397BE8E0A1}.Release|Any CPU.Build.0 = Release|Any CPU
		{CAF76068-7675-2B35-AB17-4368287A0B0C}.Debug|Any CPU.ActiveCfg = Debug|Any CPU
		{CAF76068-7675-2B35-AB17-4368287A0B0C}.Debug|Any CPU.Build.0 = Debug|Any CPU
		{CAF76068-7675-2B35-AB17-4368287A0B0C}.Release|Any CPU.ActiveCfg = Release|Any CPU
		{CAF76068-7675-2B35-AB17-4368287A0B0C}.Release|Any CPU.Build.0 = Release|Any CPU
		{6CE784E7-9585-F790-92C8-735268EC009E}.Debug|Any CPU.ActiveCfg = Debug|Any CPU
		{6CE784E7-9585-F790-92C8-735268EC009E}.Debug|Any CPU.Build.0 = Debug|Any CPU
		{6CE784E7-9585-F790-92C8-735268EC009E}.Release|Any CPU.ActiveCfg = Release|Any CPU
		{6CE784E7-9585-F790-92C8-735268EC009E}.Release|Any CPU.Build.0 = Release|Any CPU
		{AEC153D5-5A5C-CAEC-C133-70935F7CD3E1}.Debug|Any CPU.ActiveCfg = Debug|Any CPU
		{AEC153D5-5A5C-CAEC-C133-70935F7CD3E1}.Debug|Any CPU.Build.0 = Debug|Any CPU
		{AEC153D5-5A5C-CAEC-C133-70935F7CD3E1}.Release|Any CPU.ActiveCfg = Release|Any CPU
		{AEC153D5-5A5C-CAEC-C133-70935F7CD3E1}.Release|Any CPU.Build.0 = Release|Any CPU
		{8570EFB6-A333-72B3-B725-B88D74DC6220}.Debug|Any CPU.ActiveCfg = Debug|Any CPU
		{8570EFB6-A333-72B3-B725-B88D74DC6220}.Debug|Any CPU.Build.0 = Debug|Any CPU
		{8570EFB6-A333-72B3-B725-B88D74DC6220}.Release|Any CPU.ActiveCfg = Release|Any CPU
		{8570EFB6-A333-72B3-B725-B88D74DC6220}.Release|Any CPU.Build.0 = Release|Any CPU
		{2CC49E40-A102-5E47-C1A2-3BC30036E970}.Debug|Any CPU.ActiveCfg = Debug|Any CPU
		{2CC49E40-A102-5E47-C1A2-3BC30036E970}.Debug|Any CPU.Build.0 = Debug|Any CPU
		{2CC49E40-A102-5E47-C1A2-3BC30036E970}.Release|Any CPU.ActiveCfg = Release|Any CPU
		{2CC49E40-A102-5E47-C1A2-3BC30036E970}.Release|Any CPU.Build.0 = Release|Any CPU
		{F24B252A-BA92-E6B6-3F5F-E77A64461690}.Debug|Any CPU.ActiveCfg = Debug|Any CPU
		{F24B252A-BA92-E6B6-3F5F-E77A64461690}.Debug|Any CPU.Build.0 = Debug|Any CPU
		{F24B252A-BA92-E6B6-3F5F-E77A64461690}.Release|Any CPU.ActiveCfg = Release|Any CPU
		{F24B252A-BA92-E6B6-3F5F-E77A64461690}.Release|Any CPU.Build.0 = Release|Any CPU
		{A13C49BF-F232-7638-7762-A030BDAC1189}.Debug|Any CPU.ActiveCfg = Debug|Any CPU
		{A13C49BF-F232-7638-7762-A030BDAC1189}.Debug|Any CPU.Build.0 = Debug|Any CPU
		{A13C49BF-F232-7638-7762-A030BDAC1189}.Release|Any CPU.ActiveCfg = Release|Any CPU
		{A13C49BF-F232-7638-7762-A030BDAC1189}.Release|Any CPU.Build.0 = Release|Any CPU
		{E5BCD791-59CB-8828-B74B-6CEB679C2817}.Debug|Any CPU.ActiveCfg = Debug|Any CPU
		{E5BCD791-59CB-8828-B74B-6CEB679C2817}.Debug|Any CPU.Build.0 = Debug|Any CPU
		{E5BCD791-59CB-8828-B74B-6CEB679C2817}.Release|Any CPU.ActiveCfg = Release|Any CPU
		{E5BCD791-59CB-8828-B74B-6CEB679C2817}.Release|Any CPU.Build.0 = Release|Any CPU
		{A8FDB696-F0C8-514D-9292-2A20A4A1081F}.Debug|Any CPU.ActiveCfg = Debug|Any CPU
		{A8FDB696-F0C8-514D-9292-2A20A4A1081F}.Debug|Any CPU.Build.0 = Debug|Any CPU
		{A8FDB696-F0C8-514D-9292-2A20A4A1081F}.Release|Any CPU.ActiveCfg = Release|Any CPU
		{A8FDB696-F0C8-514D-9292-2A20A4A1081F}.Release|Any CPU.Build.0 = Release|Any CPU
		{6202EAE6-3921-BC53-F6E7-DB50371A6D15}.Debug|Any CPU.ActiveCfg = Debug|Any CPU
		{6202EAE6-3921-BC53-F6E7-DB50371A6D15}.Debug|Any CPU.Build.0 = Debug|Any CPU
		{6202EAE6-3921-BC53-F6E7-DB50371A6D15}.Release|Any CPU.ActiveCfg = Release|Any CPU
		{6202EAE6-3921-BC53-F6E7-DB50371A6D15}.Release|Any CPU.Build.0 = Release|Any CPU
		{E0943134-AC34-999F-7EC3-E82F42F9B612}.Debug|Any CPU.ActiveCfg = Debug|Any CPU
		{E0943134-AC34-999F-7EC3-E82F42F9B612}.Debug|Any CPU.Build.0 = Debug|Any CPU
		{E0943134-AC34-999F-7EC3-E82F42F9B612}.Release|Any CPU.ActiveCfg = Release|Any CPU
		{E0943134-AC34-999F-7EC3-E82F42F9B612}.Release|Any CPU.Build.0 = Release|Any CPU
		{1C8F1A08-F785-B2E9-C5CA-FCFE98B7E4D5}.Debug|Any CPU.ActiveCfg = Debug|Any CPU
		{1C8F1A08-F785-B2E9-C5CA-FCFE98B7E4D5}.Debug|Any CPU.Build.0 = Debug|Any CPU
		{1C8F1A08-F785-B2E9-C5CA-FCFE98B7E4D5}.Release|Any CPU.ActiveCfg = Release|Any CPU
		{1C8F1A08-F785-B2E9-C5CA-FCFE98B7E4D5}.Release|Any CPU.Build.0 = Release|Any CPU
		{215B9E77-6C1B-1EE9-DCC0-2D59AE33CBCE}.Debug|Any CPU.ActiveCfg = Debug|Any CPU
		{215B9E77-6C1B-1EE9-DCC0-2D59AE33CBCE}.Debug|Any CPU.Build.0 = Debug|Any CPU
		{215B9E77-6C1B-1EE9-DCC0-2D59AE33CBCE}.Release|Any CPU.ActiveCfg = Release|Any CPU
		{215B9E77-6C1B-1EE9-DCC0-2D59AE33CBCE}.Release|Any CPU.Build.0 = Release|Any CPU
		{B9EBF7FB-8A72-DB71-4106-F6BE141C579F}.Debug|Any CPU.ActiveCfg = Debug|Any CPU
		{B9EBF7FB-8A72-DB71-4106-F6BE141C579F}.Debug|Any CPU.Build.0 = Debug|Any CPU
		{B9EBF7FB-8A72-DB71-4106-F6BE141C579F}.Release|Any CPU.ActiveCfg = Release|Any CPU
		{B9EBF7FB-8A72-DB71-4106-F6BE141C579F}.Release|Any CPU.Build.0 = Release|Any CPU
		{2BA7A82E-0A02-CAEC-6DA6-57F983B00E11}.Debug|Any CPU.ActiveCfg = Debug|Any CPU
		{2BA7A82E-0A02-CAEC-6DA6-57F983B00E11}.Debug|Any CPU.Build.0 = Debug|Any CPU
		{2BA7A82E-0A02-CAEC-6DA6-57F983B00E11}.Release|Any CPU.ActiveCfg = Release|Any CPU
		{2BA7A82E-0A02-CAEC-6DA6-57F983B00E11}.Release|Any CPU.Build.0 = Release|Any CPU
		{D51D0E91-BA52-3DEB-3DD1-70D52596CE2E}.Debug|Any CPU.ActiveCfg = Debug|Any CPU
		{D51D0E91-BA52-3DEB-3DD1-70D52596CE2E}.Debug|Any CPU.Build.0 = Debug|Any CPU
		{D51D0E91-BA52-3DEB-3DD1-70D52596CE2E}.Release|Any CPU.ActiveCfg = Release|Any CPU
		{D51D0E91-BA52-3DEB-3DD1-70D52596CE2E}.Release|Any CPU.Build.0 = Release|Any CPU
		{09BF5E79-5231-C7C0-AE62-8131F789F66C}.Debug|Any CPU.ActiveCfg = Debug|Any CPU
		{09BF5E79-5231-C7C0-AE62-8131F789F66C}.Debug|Any CPU.Build.0 = Debug|Any CPU
		{09BF5E79-5231-C7C0-AE62-8131F789F66C}.Release|Any CPU.ActiveCfg = Release|Any CPU
		{09BF5E79-5231-C7C0-AE62-8131F789F66C}.Release|Any CPU.Build.0 = Release|Any CPU
		{33FEE4E0-88E9-60DA-8C2E-FDDC747ACBF5}.Debug|Any CPU.ActiveCfg = Debug|Any CPU
		{33FEE4E0-88E9-60DA-8C2E-FDDC747ACBF5}.Debug|Any CPU.Build.0 = Debug|Any CPU
		{33FEE4E0-88E9-60DA-8C2E-FDDC747ACBF5}.Release|Any CPU.ActiveCfg = Release|Any CPU
		{33FEE4E0-88E9-60DA-8C2E-FDDC747ACBF5}.Release|Any CPU.Build.0 = Release|Any CPU
		{CF2A36B2-C8A0-EA14-FCCE-920753588A2A}.Debug|Any CPU.ActiveCfg = Debug|Any CPU
		{CF2A36B2-C8A0-EA14-FCCE-920753588A2A}.Debug|Any CPU.Build.0 = Debug|Any CPU
		{CF2A36B2-C8A0-EA14-FCCE-920753588A2A}.Release|Any CPU.ActiveCfg = Release|Any CPU
		{CF2A36B2-C8A0-EA14-FCCE-920753588A2A}.Release|Any CPU.Build.0 = Release|Any CPU
		{451B7E4C-9401-E030-B254-50C18B353060}.Debug|Any CPU.ActiveCfg = Debug|Any CPU
		{451B7E4C-9401-E030-B254-50C18B353060}.Debug|Any CPU.Build.0 = Debug|Any CPU
		{451B7E4C-9401-E030-B254-50C18B353060}.Release|Any CPU.ActiveCfg = Release|Any CPU
		{451B7E4C-9401-E030-B254-50C18B353060}.Release|Any CPU.Build.0 = Release|Any CPU
		{B3A403F1-CB7B-8F84-8B46-4B2700FE91A2}.Debug|Any CPU.ActiveCfg = Debug|Any CPU
		{B3A403F1-CB7B-8F84-8B46-4B2700FE91A2}.Debug|Any CPU.Build.0 = Debug|Any CPU
		{B3A403F1-CB7B-8F84-8B46-4B2700FE91A2}.Release|Any CPU.ActiveCfg = Release|Any CPU
		{B3A403F1-CB7B-8F84-8B46-4B2700FE91A2}.Release|Any CPU.Build.0 = Release|Any CPU
		{631905D1-20E3-94FD-ABD8-A3F7214B5C53}.Debug|Any CPU.ActiveCfg = Debug|Any CPU
		{631905D1-20E3-94FD-ABD8-A3F7214B5C53}.Debug|Any CPU.Build.0 = Debug|Any CPU
		{631905D1-20E3-94FD-ABD8-A3F7214B5C53}.Release|Any CPU.ActiveCfg = Release|Any CPU
		{631905D1-20E3-94FD-ABD8-A3F7214B5C53}.Release|Any CPU.Build.0 = Release|Any CPU
		{53739C1E-68AB-4804-BF2F-4D385A06C16F}.Debug|Any CPU.ActiveCfg = Debug|Any CPU
		{53739C1E-68AB-4804-BF2F-4D385A06C16F}.Debug|Any CPU.Build.0 = Debug|Any CPU
		{53739C1E-68AB-4804-BF2F-4D385A06C16F}.Release|Any CPU.ActiveCfg = Release|Any CPU
		{53739C1E-68AB-4804-BF2F-4D385A06C16F}.Release|Any CPU.Build.0 = Release|Any CPU
		{EB970C71-0665-B4E0-06B8-AD6578B4019B}.Debug|Any CPU.ActiveCfg = Debug|Any CPU
		{EB970C71-0665-B4E0-06B8-AD6578B4019B}.Debug|Any CPU.Build.0 = Debug|Any CPU
		{EB970C71-0665-B4E0-06B8-AD6578B4019B}.Release|Any CPU.ActiveCfg = Release|Any CPU
		{EB970C71-0665-B4E0-06B8-AD6578B4019B}.Release|Any CPU.Build.0 = Release|Any CPU
		{F7D346BB-5650-563F-BA7E-AEA859568312}.Debug|Any CPU.ActiveCfg = Debug|Any CPU
		{F7D346BB-5650-563F-BA7E-AEA859568312}.Debug|Any CPU.Build.0 = Debug|Any CPU
		{F7D346BB-5650-563F-BA7E-AEA859568312}.Release|Any CPU.ActiveCfg = Release|Any CPU
		{F7D346BB-5650-563F-BA7E-AEA859568312}.Release|Any CPU.Build.0 = Release|Any CPU
		{728B0A01-12C1-1A40-3D38-E089D1A52295}.Debug|Any CPU.ActiveCfg = Debug|Any CPU
		{728B0A01-12C1-1A40-3D38-E089D1A52295}.Debug|Any CPU.Build.0 = Debug|Any CPU
		{728B0A01-12C1-1A40-3D38-E089D1A52295}.Release|Any CPU.ActiveCfg = Release|Any CPU
		{728B0A01-12C1-1A40-3D38-E089D1A52295}.Release|Any CPU.Build.0 = Release|Any CPU
		{3A025164-979D-45CE-9A3F-6E0D7E2739BC}.Debug|Any CPU.ActiveCfg = Debug|Any CPU
		{3A025164-979D-45CE-9A3F-6E0D7E2739BC}.Debug|Any CPU.Build.0 = Debug|Any CPU
		{3A025164-979D-45CE-9A3F-6E0D7E2739BC}.Release|Any CPU.ActiveCfg = Release|Any CPU
		{3A025164-979D-45CE-9A3F-6E0D7E2739BC}.Release|Any CPU.Build.0 = Release|Any CPU
		{D52BF58E-FFA0-43A9-75FF-87861B6F8D79}.Debug|Any CPU.ActiveCfg = Debug|Any CPU
		{D52BF58E-FFA0-43A9-75FF-87861B6F8D79}.Debug|Any CPU.Build.0 = Debug|Any CPU
		{D52BF58E-FFA0-43A9-75FF-87861B6F8D79}.Release|Any CPU.ActiveCfg = Release|Any CPU
		{D52BF58E-FFA0-43A9-75FF-87861B6F8D79}.Release|Any CPU.Build.0 = Release|Any CPU
		{7BFBE5BA-BD1F-328C-F271-1BC4AE4D7E98}.Debug|Any CPU.ActiveCfg = Debug|Any CPU
		{7BFBE5BA-BD1F-328C-F271-1BC4AE4D7E98}.Debug|Any CPU.Build.0 = Debug|Any CPU
		{7BFBE5BA-BD1F-328C-F271-1BC4AE4D7E98}.Release|Any CPU.ActiveCfg = Release|Any CPU
		{7BFBE5BA-BD1F-328C-F271-1BC4AE4D7E98}.Release|Any CPU.Build.0 = Release|Any CPU
		{79E56D38-C889-DEE1-4C2A-D5ACF19AAA54}.Debug|Any CPU.ActiveCfg = Debug|Any CPU
		{79E56D38-C889-DEE1-4C2A-D5ACF19AAA54}.Debug|Any CPU.Build.0 = Debug|Any CPU
		{79E56D38-C889-DEE1-4C2A-D5ACF19AAA54}.Release|Any CPU.ActiveCfg = Release|Any CPU
		{79E56D38-C889-DEE1-4C2A-D5ACF19AAA54}.Release|Any CPU.Build.0 = Release|Any CPU
		{3082C703-A0E7-07FA-EDA8-FDC6B2C985FB}.Debug|Any CPU.ActiveCfg = Debug|Any CPU
		{3082C703-A0E7-07FA-EDA8-FDC6B2C985FB}.Debug|Any CPU.Build.0 = Debug|Any CPU
		{3082C703-A0E7-07FA-EDA8-FDC6B2C985FB}.Release|Any CPU.ActiveCfg = Release|Any CPU
		{3082C703-A0E7-07FA-EDA8-FDC6B2C985FB}.Release|Any CPU.Build.0 = Release|Any CPU
		{2CC2615A-626E-C8BD-9B1A-BD742BA05730}.Debug|Any CPU.ActiveCfg = Debug|Any CPU
		{2CC2615A-626E-C8BD-9B1A-BD742BA05730}.Debug|Any CPU.Build.0 = Debug|Any CPU
		{2CC2615A-626E-C8BD-9B1A-BD742BA05730}.Release|Any CPU.ActiveCfg = Release|Any CPU
		{2CC2615A-626E-C8BD-9B1A-BD742BA05730}.Release|Any CPU.Build.0 = Release|Any CPU
		{89645583-B4B8-7D6C-9524-5733F675327D}.Debug|Any CPU.ActiveCfg = Debug|Any CPU
		{89645583-B4B8-7D6C-9524-5733F675327D}.Debug|Any CPU.Build.0 = Debug|Any CPU
		{89645583-B4B8-7D6C-9524-5733F675327D}.Release|Any CPU.ActiveCfg = Release|Any CPU
		{89645583-B4B8-7D6C-9524-5733F675327D}.Release|Any CPU.Build.0 = Release|Any CPU
		{6611C6AB-6436-7E38-12AB-BF2A8EEBC9B0}.Debug|Any CPU.ActiveCfg = Debug|Any CPU
		{6611C6AB-6436-7E38-12AB-BF2A8EEBC9B0}.Debug|Any CPU.Build.0 = Debug|Any CPU
		{6611C6AB-6436-7E38-12AB-BF2A8EEBC9B0}.Release|Any CPU.ActiveCfg = Release|Any CPU
		{6611C6AB-6436-7E38-12AB-BF2A8EEBC9B0}.Release|Any CPU.Build.0 = Release|Any CPU
		{08760DB7-556F-A1BB-5A91-55CC1F4FCE9E}.Debug|Any CPU.ActiveCfg = Debug|Any CPU
		{08760DB7-556F-A1BB-5A91-55CC1F4FCE9E}.Debug|Any CPU.Build.0 = Debug|Any CPU
		{08760DB7-556F-A1BB-5A91-55CC1F4FCE9E}.Release|Any CPU.ActiveCfg = Release|Any CPU
		{08760DB7-556F-A1BB-5A91-55CC1F4FCE9E}.Release|Any CPU.Build.0 = Release|Any CPU
		{DF1759B8-3061-BA1A-B24A-2B6E0ADA27E0}.Debug|Any CPU.ActiveCfg = Debug|Any CPU
		{DF1759B8-3061-BA1A-B24A-2B6E0ADA27E0}.Debug|Any CPU.Build.0 = Debug|Any CPU
		{DF1759B8-3061-BA1A-B24A-2B6E0ADA27E0}.Release|Any CPU.ActiveCfg = Release|Any CPU
		{DF1759B8-3061-BA1A-B24A-2B6E0ADA27E0}.Release|Any CPU.Build.0 = Release|Any CPU
		{8615999C-92D0-914A-30FB-9E9B5917460B}.Debug|Any CPU.ActiveCfg = Debug|Any CPU
		{8615999C-92D0-914A-30FB-9E9B5917460B}.Debug|Any CPU.Build.0 = Debug|Any CPU
		{8615999C-92D0-914A-30FB-9E9B5917460B}.Release|Any CPU.ActiveCfg = Release|Any CPU
		{8615999C-92D0-914A-30FB-9E9B5917460B}.Release|Any CPU.Build.0 = Release|Any CPU
		{4F907D49-B0D5-7870-7492-5CAE0C95CBC6}.Debug|Any CPU.ActiveCfg = Debug|Any CPU
		{4F907D49-B0D5-7870-7492-5CAE0C95CBC6}.Debug|Any CPU.Build.0 = Debug|Any CPU
		{4F907D49-B0D5-7870-7492-5CAE0C95CBC6}.Release|Any CPU.ActiveCfg = Release|Any CPU
		{4F907D49-B0D5-7870-7492-5CAE0C95CBC6}.Release|Any CPU.Build.0 = Release|Any CPU
		{A9793D7F-BEDB-34D9-1288-F05B3ED2B00F}.Debug|Any CPU.ActiveCfg = Debug|Any CPU
		{A9793D7F-BEDB-34D9-1288-F05B3ED2B00F}.Debug|Any CPU.Build.0 = Debug|Any CPU
		{A9793D7F-BEDB-34D9-1288-F05B3ED2B00F}.Release|Any CPU.ActiveCfg = Release|Any CPU
		{A9793D7F-BEDB-34D9-1288-F05B3ED2B00F}.Release|Any CPU.Build.0 = Release|Any CPU
		{14E2ED3F-867D-FD13-30D2-616285D1CA07}.Debug|Any CPU.ActiveCfg = Debug|Any CPU
		{14E2ED3F-867D-FD13-30D2-616285D1CA07}.Debug|Any CPU.Build.0 = Debug|Any CPU
		{14E2ED3F-867D-FD13-30D2-616285D1CA07}.Release|Any CPU.ActiveCfg = Release|Any CPU
		{14E2ED3F-867D-FD13-30D2-616285D1CA07}.Release|Any CPU.Build.0 = Release|Any CPU
		{31839B98-2AE2-2561-124B-524BC7FBECF0}.Debug|Any CPU.ActiveCfg = Debug|Any CPU
		{31839B98-2AE2-2561-124B-524BC7FBECF0}.Debug|Any CPU.Build.0 = Debug|Any CPU
		{31839B98-2AE2-2561-124B-524BC7FBECF0}.Release|Any CPU.ActiveCfg = Release|Any CPU
		{31839B98-2AE2-2561-124B-524BC7FBECF0}.Release|Any CPU.Build.0 = Release|Any CPU
		{2765E505-31F3-F0C5-C2A3-E1B2CA0C8251}.Debug|Any CPU.ActiveCfg = Debug|Any CPU
		{2765E505-31F3-F0C5-C2A3-E1B2CA0C8251}.Debug|Any CPU.Build.0 = Debug|Any CPU
		{2765E505-31F3-F0C5-C2A3-E1B2CA0C8251}.Release|Any CPU.ActiveCfg = Release|Any CPU
		{2765E505-31F3-F0C5-C2A3-E1B2CA0C8251}.Release|Any CPU.Build.0 = Release|Any CPU
		{A2FCFCC8-6EFE-F644-FA42-B1E8D36C087C}.Debug|Any CPU.ActiveCfg = Debug|Any CPU
		{A2FCFCC8-6EFE-F644-FA42-B1E8D36C087C}.Debug|Any CPU.Build.0 = Debug|Any CPU
		{A2FCFCC8-6EFE-F644-FA42-B1E8D36C087C}.Release|Any CPU.ActiveCfg = Release|Any CPU
		{A2FCFCC8-6EFE-F644-FA42-B1E8D36C087C}.Release|Any CPU.Build.0 = Release|Any CPU
		{7195B8C0-43AF-325A-A47E-4AABF7EA53EC}.Debug|Any CPU.ActiveCfg = Debug|Any CPU
		{7195B8C0-43AF-325A-A47E-4AABF7EA53EC}.Debug|Any CPU.Build.0 = Debug|Any CPU
		{7195B8C0-43AF-325A-A47E-4AABF7EA53EC}.Release|Any CPU.ActiveCfg = Release|Any CPU
		{7195B8C0-43AF-325A-A47E-4AABF7EA53EC}.Release|Any CPU.Build.0 = Release|Any CPU
		{107F8C36-AFD7-FFC6-AE63-66795A8FF158}.Debug|Any CPU.ActiveCfg = Debug|Any CPU
		{107F8C36-AFD7-FFC6-AE63-66795A8FF158}.Debug|Any CPU.Build.0 = Debug|Any CPU
		{107F8C36-AFD7-FFC6-AE63-66795A8FF158}.Release|Any CPU.ActiveCfg = Release|Any CPU
		{107F8C36-AFD7-FFC6-AE63-66795A8FF158}.Release|Any CPU.Build.0 = Release|Any CPU
		{2DBA106A-7823-402D-57E4-50B2E5039EEA}.Debug|Any CPU.ActiveCfg = Debug|Any CPU
		{2DBA106A-7823-402D-57E4-50B2E5039EEA}.Debug|Any CPU.Build.0 = Debug|Any CPU
		{2DBA106A-7823-402D-57E4-50B2E5039EEA}.Release|Any CPU.ActiveCfg = Release|Any CPU
		{2DBA106A-7823-402D-57E4-50B2E5039EEA}.Release|Any CPU.Build.0 = Release|Any CPU
	EndGlobalSection
	GlobalSection(SolutionProperties) = preSolution
		HideSolutionNode = FALSE
	EndGlobalSection
EndGlobal
